{
  "version": 4,
  "terraform_version": "0.12.24",
  "serial": 55,
  "lineage": "d910112b-d0a0-bccf-cf5e-5c32fe480e25",
  "outputs": {},
  "resources": [
    {
      "mode": "managed",
      "type": "aws_cloudwatch_log_group",
      "name": "langtool_logs",
      "provider": "provider.aws",
      "instances": [
        {
          "schema_version": 0,
          "attributes": {
            "arn": "arn:aws:logs:eu-central-1:333231512245:log-group:/ecs/scheduled_task/langtool_support_run",
            "id": "/ecs/scheduled_task/langtool_support_run",
            "kms_key_id": "",
            "name": "/ecs/scheduled_task/langtool_support_run",
            "name_prefix": null,
            "retention_in_days": 0,
            "tags": null
          },
          "private": "bnVsbA=="
        }
      ]
    },
    {
      "mode": "managed",
      "type": "aws_ecs_cluster",
      "name": "langtool_cluster",
      "provider": "provider.aws",
      "instances": [
        {
          "schema_version": 0,
          "attributes": {
            "arn": "arn:aws:ecs:eu-central-1:333231512245:cluster/langtool",
            "capacity_providers": null,
            "default_capacity_provider_strategy": [],
            "id": "arn:aws:ecs:eu-central-1:333231512245:cluster/langtool",
            "name": "langtool",
            "setting": [
              {
                "name": "containerInsights",
                "value": "disabled"
              }
            ],
            "tags": null
          },
          "private": "bnVsbA=="
        }
      ]
    },
    {
      "mode": "managed",
      "type": "aws_ecs_service",
      "name": "langtool-service",
      "provider": "provider.aws",
      "instances": [
        {
          "schema_version": 0,
          "attributes": {
            "capacity_provider_strategy": [],
            "cluster": "arn:aws:ecs:eu-central-1:333231512245:cluster/langtool",
            "deployment_controller": [
              {
                "type": "ECS"
              }
            ],
            "deployment_maximum_percent": 200,
            "deployment_minimum_healthy_percent": 100,
            "desired_count": 2,
            "enable_ecs_managed_tags": false,
            "force_new_deployment": null,
            "health_check_grace_period_seconds": 0,
            "iam_role": "aws-service-role",
            "id": "arn:aws:ecs:eu-central-1:333231512245:service/langtool-service",
            "launch_type": "FARGATE",
            "load_balancer": [
              {
                "container_name": "langtool_container",
                "container_port": 8080,
                "elb_name": "",
                "target_group_arn": "arn:aws:elasticloadbalancing:eu-central-1:333231512245:targetgroup/TestTargetGroup/7024eeb17d7f0baa"
              }
            ],
            "name": "langtool-service",
            "network_configuration": [
              {
                "assign_public_ip": true,
                "security_groups": [
                  "sg-0875f415ab2fb4780"
                ],
                "subnets": [
                  "subnet-08e12723aa95ec0ad",
                  "subnet-0b0b32e3e73f3d8fa"
                ]
              }
            ],
            "ordered_placement_strategy": [],
            "placement_constraints": [],
            "platform_version": "LATEST",
            "propagate_tags": "NONE",
            "scheduling_strategy": "REPLICA",
            "service_registries": [],
            "tags": null,
            "task_definition": "arn:aws:ecs:eu-central-1:333231512245:task-definition/langtool-langtool_runner:15",
            "timeouts": null
          },
          "private": "eyJlMmJmYjczMC1lY2FhLTExZTYtOGY4OC0zNDM2M2JjN2M0YzAiOnsiZGVsZXRlIjoxMjAwMDAwMDAwMDAwfX0=",
          "dependencies": [
            "aws_ecs_cluster.langtool_cluster",
            "aws_ecs_task_definition.langtool_runner",
            "aws_iam_role.ecs_task_execution"
          ]
        }
      ]
    },
    {
      "mode": "managed",
      "type": "aws_ecs_task_definition",
      "name": "langtool_runner",
      "provider": "provider.aws",
      "instances": [
        {
          "schema_version": 1,
          "attributes": {
            "arn": "arn:aws:ecs:eu-central-1:333231512245:task-definition/langtool-langtool_runner:15",
            "container_definitions": "[{\"command\":[\"yum update -y \u0026\u0026 yum install sudo -y \u0026\u0026 sudo yum install java -y \u0026\u0026 sudo yum install wget -y \u0026\u0026 wget https://languagetool.org/download/LanguageTool-stable.zip \u0026\u0026 sudo yum install unzip -y \u0026\u0026 unzip LanguageTool-stable.zip \u0026\u0026 cd /LanguageTool-5.* \u0026\u0026 nohup java -cp languagetool-server.jar org.languagetool.server.HTTPServer --port 8080 --allow-origin '*' --public\"],\"cpu\":0,\"entryPoint\":[\"sh\",\"-c\"],\"environment\":[{\"name\":\"CLOUDWATCH_METRICS\",\"value\":\"True\"},{\"name\":\"SA_TIMEOUT\",\"value\":\"3600\"}],\"essential\":true,\"image\":\"amazoncorretto:latest\",\"logConfiguration\":{\"logDriver\":\"awslogs\",\"options\":{\"awslogs-group\":\"/ecs/scheduled_task/langtool_support_run\",\"awslogs-region\":\"eu-central-1\",\"awslogs-stream-prefix\":\"langtool\"}},\"mountPoints\":[],\"name\":\"langtool_container\",\"portMappings\":[{\"containerPort\":8080,\"hostPort\":8080,\"protocol\":\"tcp\"}],\"volumesFrom\":[]}]",
            "cpu": "2048",
            "execution_role_arn": "arn:aws:iam::333231512245:role/langtool-ecsTaskExecutionRole",
            "family": "langtool-langtool_runner",
            "id": "langtool-langtool_runner",
            "inference_accelerator": [],
            "ipc_mode": "",
            "memory": "4096",
            "network_mode": "awsvpc",
            "pid_mode": "",
            "placement_constraints": [],
            "proxy_configuration": [],
            "requires_compatibilities": [
              "FARGATE"
            ],
            "revision": 15,
            "tags": null,
            "task_role_arn": "arn:aws:iam::333231512245:role/langtool-ecsTaskExecutionRole",
            "volume": []
          },
          "private": "eyJzY2hlbWFfdmVyc2lvbiI6IjEifQ==",
          "dependencies": [
            "aws_iam_role.ecs_task_execution"
          ]
        }
      ]
    },
    {
      "mode": "managed",
      "type": "aws_iam_policy",
      "name": "langtool_execution",
      "provider": "provider.aws",
      "instances": [
        {
          "schema_version": 0,
          "attributes": {
            "arn": "arn:aws:iam::333231512245:policy/langtool-execution",
            "description": "langtool execution policy",
            "id": "arn:aws:iam::333231512245:policy/langtool-execution",
            "name": "langtool-execution",
            "name_prefix": null,
            "path": "/",
            "policy": "{\n  \"Version\": \"2012-10-17\",\n  \"Statement\":\n  {\n          \"Action\": [\n                \"ecr:GetAuthorizationToken\",\n                \"ecr:BatchCheckLayerAvailability\",\n                \"ecr:GetDownloadUrlForLayer\",\n                \"ecr:BatchGetImage\",\n                \"logs:CreateLogStream\",\n                \"logs:PutLogEvents\",\n                \"cloudwatch:PutMetricData\"\n          ],\n          \"Effect\": \"Allow\",\n          \"Resource\": \"*\"\n      }\n\n}\n"
          },
          "private": "bnVsbA=="
        }
      ]
    },
    {
      "mode": "managed",
      "type": "aws_iam_policy",
      "name": "langtool_runtask",
      "provider": "provider.aws",
      "instances": [
        {
          "schema_version": 0,
          "attributes": {
            "arn": "arn:aws:iam::333231512245:policy/langtool-runtask",
            "description": "langtool LangTool run task policy",
            "id": "arn:aws:iam::333231512245:policy/langtool-runtask",
            "name": "langtool-runtask",
            "name_prefix": null,
            "path": "/",
            "policy": "{\n    \"Version\": \"2012-10-17\",\n    \"Statement\": [\n        {\n            \"Effect\": \"Allow\",\n            \"Action\": [\n                \"ecs:RunTask\"\n            ],\n            \"Resource\": [\n                \"arn:aws:ecs:eu-central-1:333231512245:task-definition/langtool-langtool_runner:15\"\n            ],\n            \"Condition\": {\n                \"ArnLike\": {\n                    \"ecs:cluster\": \"arn:aws:ecs:eu-central-1:333231512245:cluster/langtool\"\n                }\n            }\n        },\n        {\n            \"Effect\": \"Allow\",\n            \"Action\": \"iam:PassRole\",\n            \"Resource\": [\n                \"*\"\n            ],\n            \"Condition\": {\n                \"StringLike\": {\n                    \"iam:PassedToService\": \"ecs-tasks.amazonaws.com\"\n                }\n            }\n        }\n    ]\n}\n"
          },
          "private": "bnVsbA==",
          "dependencies": [
            "aws_ecs_cluster.langtool_cluster",
            "aws_ecs_task_definition.langtool_runner",
            "aws_iam_role.ecs_task_execution"
          ]
        }
      ]
    },
    {
      "mode": "managed",
      "type": "aws_iam_policy_attachment",
      "name": "langtool_execution",
      "provider": "provider.aws",
      "instances": [
        {
          "schema_version": 0,
          "attributes": {
            "groups": null,
            "id": "langtool_log_attachment",
            "name": "langtool_log_attachment",
            "policy_arn": "arn:aws:iam::333231512245:policy/langtool-execution",
            "roles": [
              "langtool-ecsTaskExecutionRole"
            ],
            "users": null
          },
          "private": "bnVsbA==",
          "dependencies": [
            "aws_iam_policy.langtool_execution",
            "aws_iam_role.ecs_task_execution"
          ]
        }
      ]
    },
    {
      "mode": "managed",
      "type": "aws_iam_policy_attachment",
      "name": "langtool_runtask",
      "provider": "provider.aws",
      "instances": [
        {
          "schema_version": 0,
          "attributes": {
            "groups": null,
            "id": "langtool_runtask",
            "name": "langtool_runtask",
            "policy_arn": "arn:aws:iam::333231512245:policy/langtool-runtask",
            "roles": [
              "langtool-ecsRunTaskRole"
            ],
            "users": null
          },
          "private": "bnVsbA==",
          "dependencies": [
            "aws_ecs_cluster.langtool_cluster",
            "aws_ecs_task_definition.langtool_runner",
            "aws_iam_policy.langtool_runtask",
            "aws_iam_role.ecs_run_task",
            "aws_iam_role.ecs_task_execution"
          ]
        }
      ]
    },
    {
      "mode": "managed",
      "type": "aws_iam_role",
      "name": "ecs_run_task",
      "provider": "provider.aws",
      "instances": [
        {
          "schema_version": 0,
          "attributes": {
            "arn": "arn:aws:iam::333231512245:role/langtool-ecsRunTaskRole",
            "assume_role_policy": "{\"Version\":\"2012-10-17\",\"Statement\":[{\"Sid\":\"\",\"Effect\":\"Allow\",\"Principal\":{\"Service\":\"events.amazonaws.com\"},\"Action\":\"sts:AssumeRole\"}]}",
            "create_date": "2020-08-15T09:06:39Z",
            "description": "",
            "force_detach_policies": false,
            "id": "langtool-ecsRunTaskRole",
            "max_session_duration": 3600,
            "name": "langtool-ecsRunTaskRole",
            "name_prefix": null,
            "path": "/",
            "permissions_boundary": null,
            "tags": null,
            "unique_id": "AROAU3FRFLK2TINAVKSFV"
          },
          "private": "bnVsbA=="
        }
      ]
    },
    {
      "mode": "managed",
      "type": "aws_iam_role",
      "name": "ecs_task_execution",
      "provider": "provider.aws",
      "instances": [
        {
          "schema_version": 0,
          "attributes": {
            "arn": "arn:aws:iam::333231512245:role/langtool-ecsTaskExecutionRole",
            "assume_role_policy": "{\"Version\":\"2012-10-17\",\"Statement\":[{\"Sid\":\"\",\"Effect\":\"Allow\",\"Principal\":{\"Service\":\"ecs-tasks.amazonaws.com\"},\"Action\":\"sts:AssumeRole\"}]}",
            "create_date": "2020-08-15T09:06:39Z",
            "description": "",
            "force_detach_policies": false,
            "id": "langtool-ecsTaskExecutionRole",
            "max_session_duration": 3600,
            "name": "langtool-ecsTaskExecutionRole",
            "name_prefix": null,
            "path": "/",
            "permissions_boundary": null,
            "tags": null,
            "unique_id": "AROAU3FRFLK2U33AOGZGP"
          },
          "private": "bnVsbA=="
        }
      ]
    }
  ]
}
